
Microsoft Visual Studio Solution File, Format Version 12.00
Project("{2150E333-8FDC-42A3-9474-1A3956D46DE8}") = "Solution Items", "Solution Items", "{22CED42A-3C4C-4282-BB23-2B999492A3F5}"
	ProjectSection(SolutionItems) = preProject
		LICENSE = LICENSE
		Directory.Build.props = Directory.Build.props
	EndProjectSection
EndProject
Project("{FAE04EC0-301F-11D3-BF4B-00C04F79EFBC}") = "CommonLib", "CommonLib\CommonLib.csproj", "{805C47A0-36A7-4DA1-88C3-6F9C41718B77}"
EndProject
Project("{FAE04EC0-301F-11D3-BF4B-00C04F79EFBC}") = "CommonLib.Cecil", "CommonLib.Cecil\CommonLib.Cecil.csproj", "{7CF2D27A-616A-4513-B3C4-D976A00C64DC}"
EndProject
Project("{FAE04EC0-301F-11D3-BF4B-00C04F79EFBC}") = "CommonLib.Tests", "CommonLib.Tests\CommonLib.Tests.csproj", "{A37E77D2-C526-445F-8D56-8890DD041406}"
EndProject
Project("{FAE04EC0-301F-11D3-BF4B-00C04F79EFBC}") = "CommonLib.Cecil.Tests", "CommonLib.Cecil.Tests\CommonLib.Cecil.Tests.csproj", "{7F6475EB-572E-4A56-B171-57F235CEA58F}"
EndProject
Global
	GlobalSection(SolutionConfigurationPlatforms) = preSolution
		Debug|Any CPU = Debug|Any CPU
		Release|Any CPU = Release|Any CPU
	EndGlobalSection
	GlobalSection(ProjectConfigurationPlatforms) = postSolution
		{805C47A0-36A7-4DA1-88C3-6F9C41718B77}.Debug|Any CPU.ActiveCfg = Debug|Any CPU
		{805C47A0-36A7-4DA1-88C3-6F9C41718B77}.Debug|Any CPU.Build.0 = Debug|Any CPU
		{805C47A0-36A7-4DA1-88C3-6F9C41718B77}.Release|Any CPU.ActiveCfg = Release|Any CPU
		{805C47A0-36A7-4DA1-88C3-6F9C41718B77}.Release|Any CPU.Build.0 = Release|Any CPU
		{7CF2D27A-616A-4513-B3C4-D976A00C64DC}.Debug|Any CPU.ActiveCfg = Debug|Any CPU
		{7CF2D27A-616A-4513-B3C4-D976A00C64DC}.Debug|Any CPU.Build.0 = Debug|Any CPU
		{7CF2D27A-616A-4513-B3C4-D976A00C64DC}.Release|Any CPU.ActiveCfg = Release|Any CPU
		{7CF2D27A-616A-4513-B3C4-D976A00C64DC}.Release|Any CPU.Build.0 = Release|Any CPU
		{A37E77D2-C526-445F-8D56-8890DD041406}.Debug|Any CPU.ActiveCfg = Debug|Any CPU
		{A37E77D2-C526-445F-8D56-8890DD041406}.Debug|Any CPU.Build.0 = Debug|Any CPU
		{A37E77D2-C526-445F-8D56-8890DD041406}.Release|Any CPU.ActiveCfg = Release|Any CPU
		{A37E77D2-C526-445F-8D56-8890DD041406}.Release|Any CPU.Build.0 = Release|Any CPU
		{7F6475EB-572E-4A56-B171-57F235CEA58F}.Debug|Any CPU.ActiveCfg = Debug|Any CPU
		{7F6475EB-572E-4A56-B171-57F235CEA58F}.Debug|Any CPU.Build.0 = Debug|Any CPU
		{7F6475EB-572E-4A56-B171-57F235CEA58F}.Release|Any CPU.ActiveCfg = Release|Any CPU
		{7F6475EB-572E-4A56-B171-57F235CEA58F}.Release|Any CPU.Build.0 = Release|Any CPU
	EndGlobalSection
EndGlobal
